{
    "_meta": {
        "hash": {
            "sha256": "a9af4be4bb66ee9b61326b04a480e67c9ce8a867cf6c7b59156d00a4cf646b22"
        },
        "pipfile-spec": 6,
        "requires": {
            "python_version": "3.9"
        },
        "sources": [
            {
                "name": "pypi",
                "url": "https://pypi.python.org/simple",
                "verify_ssl": true
            }
        ]
    },
    "default": {
        "microwebsrv2": {
            "git": "https://github.com/infinite-tree/MicroWebSrv2.git"
        }
    },
    "develop": {}
}
